
Microsoft Visual Studio Solution File, Format Version 12.00
# Visual Studio Version 17
VisualStudioVersion = 17.12.35707.178
MinimumVisualStudioVersion = 10.0.40219.1
Project("{2150E333-8FDC-42A3-9474-1A3956D46DE8}") = "Services", "Services", "{F1064CF7-78A9-402A-A20D-43743A2864B7}"
EndProject
Project("{2150E333-8FDC-42A3-9474-1A3956D46DE8}") = "Catalog", "Catalog", "{F3A877FC-4C73-4D0A-B668-3E23E3AB6E7D}"
EndProject
Project("{FAE04EC0-301F-11D3-BF4B-00C04F79EFBC}") = "Catalog.API", "Services\Catalog\Catalog.API\Catalog.API.csproj", "{FA643E34-675E-4D8E-B151-464952434884}"
EndProject
Global
	GlobalSection(SolutionConfigurationPlatforms) = preSolution
		Debug|Any CPU = Debug|Any CPU
		Release|Any CPU = Release|Any CPU
	EndGlobalSection
	GlobalSection(ProjectConfigurationPlatforms) = postSolution
		{FA643E34-675E-4D8E-B151-464952434884}.Debug|Any CPU.ActiveCfg = Debug|Any CPU
		{FA643E34-675E-4D8E-B151-464952434884}.Debug|Any CPU.Build.0 = Debug|Any CPU
		{FA643E34-675E-4D8E-B151-464952434884}.Release|Any CPU.ActiveCfg = Release|Any CPU
		{FA643E34-675E-4D8E-B151-464952434884}.Release|Any CPU.Build.0 = Release|Any CPU
	EndGlobalSection
	GlobalSection(SolutionProperties) = preSolution
		HideSolutionNode = FALSE
	EndGlobalSection
	GlobalSection(NestedProjects) = preSolution
		{F3A877FC-4C73-4D0A-B668-3E23E3AB6E7D} = {F1064CF7-78A9-402A-A20D-43743A2864B7}
		{FA643E34-675E-4D8E-B151-464952434884} = {F3A877FC-4C73-4D0A-B668-3E23E3AB6E7D}
	EndGlobalSection
EndGlobal
